// !$*UTF8*$!
{
	archiveVersion = 1;
	classes = {
	};
	objectVersion = 77;
	objects = {

/* Begin PBXBuildFile section */
		202DA80B2CBE761D009932F5 /* GamePantry in Frameworks */ = {isa = PBXBuildFile; productRef = 202DA80A2CBE761D009932F5 /* GamePantry */; };
		20F3C0B92CC0F64600D83F35 /* GamePantry in Frameworks */ = {isa = PBXBuildFile; productRef = 20F3C0B82CC0F64600D83F35 /* GamePantry */; };
/* End PBXBuildFile section */

/* Begin PBXContainerItemProxy section */
		202DA7EC2CBE75D3009932F5 /* PBXContainerItemProxy */ = {
			isa = PBXContainerItemProxy;
			containerPortal = 202DA7CD2CBE75D1009932F5 /* Project object */;
			proxyType = 1;
			remoteGlobalIDString = 202DA7D42CBE75D1009932F5;
			remoteInfo = "criminal crew";
		};
		202DA7F62CBE75D3009932F5 /* PBXContainerItemProxy */ = {
			isa = PBXContainerItemProxy;
			containerPortal = 202DA7CD2CBE75D1009932F5 /* Project object */;
			proxyType = 1;
			remoteGlobalIDString = 202DA7D42CBE75D1009932F5;
			remoteInfo = "criminal crew";
		};
/* End PBXContainerItemProxy section */

/* Begin PBXFileReference section */
		202DA7D52CBE75D2009932F5 /* criminal crew.app */ = {isa = PBXFileReference; explicitFileType = wrapper.application; includeInIndex = 0; path = "criminal crew.app"; sourceTree = BUILT_PRODUCTS_DIR; };
		202DA7EB2CBE75D3009932F5 /* criminal crewTests.xctest */ = {isa = PBXFileReference; explicitFileType = wrapper.cfbundle; includeInIndex = 0; path = "criminal crewTests.xctest"; sourceTree = BUILT_PRODUCTS_DIR; };
		202DA7F52CBE75D3009932F5 /* criminal crewUITests.xctest */ = {isa = PBXFileReference; explicitFileType = wrapper.cfbundle; includeInIndex = 0; path = "criminal crewUITests.xctest"; sourceTree = BUILT_PRODUCTS_DIR; };
/* End PBXFileReference section */

/* Begin PBXFileSystemSynchronizedBuildFileExceptionSet section */
		A7ECBBD72CC251E500A2BB97 /* Exceptions for "criminal crew" folder in "criminal crew" target */ = {
			isa = PBXFileSystemSynchronizedBuildFileExceptionSet;
			membershipExceptions = (
				Info.plist,
			);
			target = 202DA7D42CBE75D1009932F5 /* criminal crew */;
		};
/* End PBXFileSystemSynchronizedBuildFileExceptionSet section */

/* Begin PBXFileSystemSynchronizedRootGroup section */
		202DA7EE2CBE75D3009932F5 /* criminal crewTests */ = {
			isa = PBXFileSystemSynchronizedRootGroup;
			path = "criminal crewTests";
			sourceTree = "<group>";
		};
		202DA7F82CBE75D3009932F5 /* criminal crewUITests */ = {
			isa = PBXFileSystemSynchronizedRootGroup;
			path = "criminal crewUITests";
			sourceTree = "<group>";
		};
		A7ECBB5F2CC251E500A2BB97 /* criminal crew */ = {
			isa = PBXFileSystemSynchronizedRootGroup;
			exceptions = (
				A7ECBBD72CC251E500A2BB97 /* Exceptions for "criminal crew" folder in "criminal crew" target */,
			);
			path = "criminal crew";
			sourceTree = "<group>";
		};
/* End PBXFileSystemSynchronizedRootGroup section */

/* Begin PBXFrameworksBuildPhase section */
		202DA7D22CBE75D1009932F5 /* Frameworks */ = {
			isa = PBXFrameworksBuildPhase;
			buildActionMask = 2147483647;
			files = (
				20F3C0B92CC0F64600D83F35 /* GamePantry in Frameworks */,
				202DA80B2CBE761D009932F5 /* GamePantry in Frameworks */,
			);
			runOnlyForDeploymentPostprocessing = 0;
		};
		202DA7E82CBE75D3009932F5 /* Frameworks */ = {
			isa = PBXFrameworksBuildPhase;
			buildActionMask = 2147483647;
			files = (
			);
			runOnlyForDeploymentPostprocessing = 0;
		};
		202DA7F22CBE75D3009932F5 /* Frameworks */ = {
			isa = PBXFrameworksBuildPhase;
			buildActionMask = 2147483647;
			files = (
			);
			runOnlyForDeploymentPostprocessing = 0;
		};
/* End PBXFrameworksBuildPhase section */

/* Begin PBXGroup section */
		202DA7CC2CBE75D1009932F5 = {
			isa = PBXGroup;
			children = (
				A7ECBB5F2CC251E500A2BB97 /* criminal crew */,
				202DA7EE2CBE75D3009932F5 /* criminal crewTests */,
				202DA7F82CBE75D3009932F5 /* criminal crewUITests */,
				202DA7D62CBE75D2009932F5 /* Products */,
			);
			sourceTree = "<group>";
		};
		202DA7D62CBE75D2009932F5 /* Products */ = {
			isa = PBXGroup;
			children = (
				202DA7D52CBE75D2009932F5 /* criminal crew.app */,
				202DA7EB2CBE75D3009932F5 /* criminal crewTests.xctest */,
				202DA7F52CBE75D3009932F5 /* criminal crewUITests.xctest */,
			);
			name = Products;
			sourceTree = "<group>";
		};
/* End PBXGroup section */

/* Begin PBXNativeTarget section */
		202DA7D42CBE75D1009932F5 /* criminal crew */ = {
			isa = PBXNativeTarget;
			buildConfigurationList = 202DA7FE2CBE75D3009932F5 /* Build configuration list for PBXNativeTarget "criminal crew" */;
			buildPhases = (
				202DA7D12CBE75D1009932F5 /* Sources */,
				202DA7D22CBE75D1009932F5 /* Frameworks */,
				202DA7D32CBE75D1009932F5 /* Resources */,
			);
			buildRules = (
			);
			dependencies = (
			);
			fileSystemSynchronizedGroups = (
				A7ECBB5F2CC251E500A2BB97 /* criminal crew */,
			);
			name = "criminal crew";
			packageProductDependencies = (
				202DA80A2CBE761D009932F5 /* GamePantry */,
				20F3C0B82CC0F64600D83F35 /* GamePantry */,
			);
			productName = "criminal crew";
			productReference = 202DA7D52CBE75D2009932F5 /* criminal crew.app */;
			productType = "com.apple.product-type.application";
		};
		202DA7EA2CBE75D3009932F5 /* criminal crewTests */ = {
			isa = PBXNativeTarget;
			buildConfigurationList = 202DA8032CBE75D3009932F5 /* Build configuration list for PBXNativeTarget "criminal crewTests" */;
			buildPhases = (
				202DA7E72CBE75D3009932F5 /* Sources */,
				202DA7E82CBE75D3009932F5 /* Frameworks */,
				202DA7E92CBE75D3009932F5 /* Resources */,
			);
			buildRules = (
			);
			dependencies = (
				202DA7ED2CBE75D3009932F5 /* PBXTargetDependency */,
			);
			fileSystemSynchronizedGroups = (
				202DA7EE2CBE75D3009932F5 /* criminal crewTests */,
			);
			name = "criminal crewTests";
			packageProductDependencies = (
			);
			productName = "criminal crewTests";
			productReference = 202DA7EB2CBE75D3009932F5 /* criminal crewTests.xctest */;
			productType = "com.apple.product-type.bundle.unit-test";
		};
		202DA7F42CBE75D3009932F5 /* criminal crewUITests */ = {
			isa = PBXNativeTarget;
			buildConfigurationList = 202DA8062CBE75D3009932F5 /* Build configuration list for PBXNativeTarget "criminal crewUITests" */;
			buildPhases = (
				202DA7F12CBE75D3009932F5 /* Sources */,
				202DA7F22CBE75D3009932F5 /* Frameworks */,
				202DA7F32CBE75D3009932F5 /* Resources */,
			);
			buildRules = (
			);
			dependencies = (
				202DA7F72CBE75D3009932F5 /* PBXTargetDependency */,
			);
			fileSystemSynchronizedGroups = (
				202DA7F82CBE75D3009932F5 /* criminal crewUITests */,
			);
			name = "criminal crewUITests";
			packageProductDependencies = (
			);
			productName = "criminal crewUITests";
			productReference = 202DA7F52CBE75D3009932F5 /* criminal crewUITests.xctest */;
			productType = "com.apple.product-type.bundle.ui-testing";
		};
/* End PBXNativeTarget section */

/* Begin PBXProject section */
		202DA7CD2CBE75D1009932F5 /* Project object */ = {
			isa = PBXProject;
			attributes = {
				BuildIndependentTargetsInParallel = 1;
				LastSwiftUpdateCheck = 1600;
				LastUpgradeCheck = 1600;
				TargetAttributes = {
					202DA7D42CBE75D1009932F5 = {
						CreatedOnToolsVersion = 16.0;
					};
					202DA7EA2CBE75D3009932F5 = {
						CreatedOnToolsVersion = 16.0;
						TestTargetID = 202DA7D42CBE75D1009932F5;
					};
					202DA7F42CBE75D3009932F5 = {
						CreatedOnToolsVersion = 16.0;
						TestTargetID = 202DA7D42CBE75D1009932F5;
					};
				};
			};
			buildConfigurationList = 202DA7D02CBE75D1009932F5 /* Build configuration list for PBXProject "criminal crew" */;
			developmentRegion = en;
			hasScannedForEncodings = 0;
			knownRegions = (
				en,
				Base,
			);
			mainGroup = 202DA7CC2CBE75D1009932F5;
			minimizedProjectReferenceProxies = 1;
			packageReferences = (
				20F3C0B72CC0F64600D83F35 /* XCRemoteSwiftPackageReference "GamePantry" */,
			);
			preferredProjectObjectVersion = 77;
			productRefGroup = 202DA7D62CBE75D2009932F5 /* Products */;
			projectDirPath = "";
			projectRoot = "";
			targets = (
				202DA7D42CBE75D1009932F5 /* criminal crew */,
				202DA7EA2CBE75D3009932F5 /* criminal crewTests */,
				202DA7F42CBE75D3009932F5 /* criminal crewUITests */,
			);
		};
/* End PBXProject section */

/* Begin PBXResourcesBuildPhase section */
		202DA7D32CBE75D1009932F5 /* Resources */ = {
			isa = PBXResourcesBuildPhase;
			buildActionMask = 2147483647;
			files = (
			);
			runOnlyForDeploymentPostprocessing = 0;
		};
		202DA7E92CBE75D3009932F5 /* Resources */ = {
			isa = PBXResourcesBuildPhase;
			buildActionMask = 2147483647;
			files = (
			);
			runOnlyForDeploymentPostprocessing = 0;
		};
		202DA7F32CBE75D3009932F5 /* Resources */ = {
			isa = PBXResourcesBuildPhase;
			buildActionMask = 2147483647;
			files = (
			);
			runOnlyForDeploymentPostprocessing = 0;
		};
/* End PBXResourcesBuildPhase section */

/* Begin PBXSourcesBuildPhase section */
		202DA7D12CBE75D1009932F5 /* Sources */ = {
			isa = PBXSourcesBuildPhase;
			buildActionMask = 2147483647;
			files = (
			);
			runOnlyForDeploymentPostprocessing = 0;
		};
		202DA7E72CBE75D3009932F5 /* Sources */ = {
			isa = PBXSourcesBuildPhase;
			buildActionMask = 2147483647;
			files = (
			);
			runOnlyForDeploymentPostprocessing = 0;
		};
		202DA7F12CBE75D3009932F5 /* Sources */ = {
			isa = PBXSourcesBuildPhase;
			buildActionMask = 2147483647;
			files = (
			);
			runOnlyForDeploymentPostprocessing = 0;
		};
/* End PBXSourcesBuildPhase section */

/* Begin PBXTargetDependency section */
		202DA7ED2CBE75D3009932F5 /* PBXTargetDependency */ = {
			isa = PBXTargetDependency;
			target = 202DA7D42CBE75D1009932F5 /* criminal crew */;
			targetProxy = 202DA7EC2CBE75D3009932F5 /* PBXContainerItemProxy */;
		};
		202DA7F72CBE75D3009932F5 /* PBXTargetDependency */ = {
			isa = PBXTargetDependency;
			target = 202DA7D42CBE75D1009932F5 /* criminal crew */;
			targetProxy = 202DA7F62CBE75D3009932F5 /* PBXContainerItemProxy */;
		};
/* End PBXTargetDependency section */

/* Begin XCBuildConfiguration section */
		202DA7FF2CBE75D3009932F5 /* Debug */ = {
			isa = XCBuildConfiguration;
			buildSettings = {
				ASSETCATALOG_COMPILER_APPICON_NAME = AppIcon;
				ASSETCATALOG_COMPILER_GLOBAL_ACCENT_COLOR_NAME = AccentColor;
				CODE_SIGN_STYLE = Automatic;
				CURRENT_PROJECT_VERSION = 1;
				DEVELOPMENT_TEAM = 7ZGNG2S2A2;
				GENERATE_INFOPLIST_FILE = YES;
				INFOPLIST_FILE = "criminal crew/Info.plist";
				INFOPLIST_KEY_CFBundleDisplayName = "Criminal Crew";
				INFOPLIST_KEY_LSApplicationCategoryType = "public.app-category.games";
				INFOPLIST_KEY_UIApplicationSupportsIndirectInputEvents = YES;
				INFOPLIST_KEY_UILaunchStoryboardName = LaunchScreen;
				INFOPLIST_KEY_UIRequiresFullScreen = YES;
				INFOPLIST_KEY_UIStatusBarHidden = YES;
				INFOPLIST_KEY_UISupportedInterfaceOrientations = "UIInterfaceOrientationLandscapeLeft UIInterfaceOrientationLandscapeRight";
				IPHONEOS_DEPLOYMENT_TARGET = 17.0;
				LD_RUNPATH_SEARCH_PATHS = (
					"$(inherited)",
					"@executable_path/Frameworks",
				);
				MARKETING_VERSION = 1.0;
				PRODUCT_BUNDLE_IDENTIFIER = "com.minmac.criminal-crew";
				PRODUCT_NAME = "$(TARGET_NAME)";
				SWIFT_EMIT_LOC_STRINGS = YES;
				SWIFT_VERSION = 5.0;
				TARGETED_DEVICE_FAMILY = "1,2";
			};
			name = Debug;
		};
		202DA8002CBE75D3009932F5 /* Release */ = {
			isa = XCBuildConfiguration;
			buildSettings = {
				ASSETCATALOG_COMPILER_APPICON_NAME = AppIcon;
				ASSETCATALOG_COMPILER_GLOBAL_ACCENT_COLOR_NAME = AccentColor;
				CODE_SIGN_STYLE = Automatic;
				CURRENT_PROJECT_VERSION = 1;
				DEVELOPMENT_TEAM = 7ZGNG2S2A2;
				GENERATE_INFOPLIST_FILE = YES;
				INFOPLIST_FILE = "criminal crew/Info.plist";
				INFOPLIST_KEY_CFBundleDisplayName = "Criminal Crew";
				INFOPLIST_KEY_LSApplicationCategoryType = "public.app-category.games";
				INFOPLIST_KEY_UIApplicationSupportsIndirectInputEvents = YES;
				INFOPLIST_KEY_UILaunchStoryboardName = LaunchScreen;
				INFOPLIST_KEY_UIRequiresFullScreen = YES;
				INFOPLIST_KEY_UIStatusBarHidden = YES;
				INFOPLIST_KEY_UISupportedInterfaceOrientations = "UIInterfaceOrientationLandscapeLeft UIInterfaceOrientationLandscapeRight";
				IPHONEOS_DEPLOYMENT_TARGET = 17.0;
				LD_RUNPATH_SEARCH_PATHS = (
					"$(inherited)",
					"@executable_path/Frameworks",
				);
				MARKETING_VERSION = 1.0;
				PRODUCT_BUNDLE_IDENTIFIER = "com.minmac.criminal-crew";
				PRODUCT_NAME = "$(TARGET_NAME)";
				SWIFT_EMIT_LOC_STRINGS = YES;
				SWIFT_VERSION = 5.0;
				TARGETED_DEVICE_FAMILY = "1,2";
			};
			name = Release;
		};
		202DA8012CBE75D3009932F5 /* Debug */ = {
			isa = XCBuildConfiguration;
			buildSettings = {
				ALWAYS_SEARCH_USER_PATHS = NO;
				ASSETCATALOG_COMPILER_GENERATE_SWIFT_ASSET_SYMBOL_EXTENSIONS = YES;
				CLANG_ANALYZER_NONNULL = YES;
				CLANG_ANALYZER_NUMBER_OBJECT_CONVERSION = YES_AGGRESSIVE;
				CLANG_CXX_LANGUAGE_STANDARD = "gnu++20";
				CLANG_ENABLE_MODULES = YES;
				CLANG_ENABLE_OBJC_ARC = YES;
				CLANG_ENABLE_OBJC_WEAK = YES;
				CLANG_WARN_BLOCK_CAPTURE_AUTORELEASING = YES;
				CLANG_WARN_BOOL_CONVERSION = YES;
				CLANG_WARN_COMMA = YES;
				CLANG_WARN_CONSTANT_CONVERSION = YES;
				CLANG_WARN_DEPRECATED_OBJC_IMPLEMENTATIONS = YES;
				CLANG_WARN_DIRECT_OBJC_ISA_USAGE = YES_ERROR;
				CLANG_WARN_DOCUMENTATION_COMMENTS = YES;
				CLANG_WARN_EMPTY_BODY = YES;
				CLANG_WARN_ENUM_CONVERSION = YES;
				CLANG_WARN_INFINITE_RECURSION = YES;
				CLANG_WARN_INT_CONVERSION = YES;
				CLANG_WARN_NON_LITERAL_NULL_CONVERSION = YES;
				CLANG_WARN_OBJC_IMPLICIT_RETAIN_SELF = YES;
				CLANG_WARN_OBJC_LITERAL_CONVERSION = YES;
				CLANG_WARN_OBJC_ROOT_CLASS = YES_ERROR;
				CLANG_WARN_QUOTED_INCLUDE_IN_FRAMEWORK_HEADER = YES;
				CLANG_WARN_RANGE_LOOP_ANALYSIS = YES;
				CLANG_WARN_STRICT_PROTOTYPES = YES;
				CLANG_WARN_SUSPICIOUS_MOVE = YES;
				CLANG_WARN_UNGUARDED_AVAILABILITY = YES_AGGRESSIVE;
				CLANG_WARN_UNREACHABLE_CODE = YES;
				CLANG_WARN__DUPLICATE_METHOD_MATCH = YES;
				COPY_PHASE_STRIP = NO;
				DEBUG_INFORMATION_FORMAT = dwarf;
				ENABLE_STRICT_OBJC_MSGSEND = YES;
				ENABLE_TESTABILITY = YES;
				ENABLE_USER_SCRIPT_SANDBOXING = YES;
				GCC_C_LANGUAGE_STANDARD = gnu17;
				GCC_DYNAMIC_NO_PIC = NO;
				GCC_NO_COMMON_BLOCKS = YES;
				GCC_OPTIMIZATION_LEVEL = 0;
				GCC_PREPROCESSOR_DEFINITIONS = (
					"DEBUG=1",
					"$(inherited)",
				);
				GCC_WARN_64_TO_32_BIT_CONVERSION = YES;
				GCC_WARN_ABOUT_RETURN_TYPE = YES_ERROR;
				GCC_WARN_UNDECLARED_SELECTOR = YES;
				GCC_WARN_UNINITIALIZED_AUTOS = YES_AGGRESSIVE;
				GCC_WARN_UNUSED_FUNCTION = YES;
				GCC_WARN_UNUSED_VARIABLE = YES;
				INFOPLIST_KEY_NSLocalNetworkUsageDescription = "To search and join supported game sessions in the network";
				IPHONEOS_DEPLOYMENT_TARGET = 18.0;
				LOCALIZATION_PREFERS_STRING_CATALOGS = YES;
				MTL_ENABLE_DEBUG_INFO = INCLUDE_SOURCE;
				MTL_FAST_MATH = YES;
				ONLY_ACTIVE_ARCH = YES;
				SDKROOT = iphoneos;
				SWIFT_ACTIVE_COMPILATION_CONDITIONS = "DEBUG $(inherited)";
				SWIFT_OPTIMIZATION_LEVEL = "-Onone";
			};
			name = Debug;
		};
		202DA8022CBE75D3009932F5 /* Release */ = {
			isa = XCBuildConfiguration;
			buildSettings = {
				ALWAYS_SEARCH_USER_PATHS = NO;
				ASSETCATALOG_COMPILER_GENERATE_SWIFT_ASSET_SYMBOL_EXTENSIONS = YES;
				CLANG_ANALYZER_NONNULL = YES;
				CLANG_ANALYZER_NUMBER_OBJECT_CONVERSION = YES_AGGRESSIVE;
				CLANG_CXX_LANGUAGE_STANDARD = "gnu++20";
				CLANG_ENABLE_MODULES = YES;
				CLANG_ENABLE_OBJC_ARC = YES;
				CLANG_ENABLE_OBJC_WEAK = YES;
				CLANG_WARN_BLOCK_CAPTURE_AUTORELEASING = YES;
				CLANG_WARN_BOOL_CONVERSION = YES;
				CLANG_WARN_COMMA = YES;
				CLANG_WARN_CONSTANT_CONVERSION = YES;
				CLANG_WARN_DEPRECATED_OBJC_IMPLEMENTATIONS = YES;
				CLANG_WARN_DIRECT_OBJC_ISA_USAGE = YES_ERROR;
				CLANG_WARN_DOCUMENTATION_COMMENTS = YES;
				CLANG_WARN_EMPTY_BODY = YES;
				CLANG_WARN_ENUM_CONVERSION = YES;
				CLANG_WARN_INFINITE_RECURSION = YES;
				CLANG_WARN_INT_CONVERSION = YES;
				CLANG_WARN_NON_LITERAL_NULL_CONVERSION = YES;
				CLANG_WARN_OBJC_IMPLICIT_RETAIN_SELF = YES;
				CLANG_WARN_OBJC_LITERAL_CONVERSION = YES;
				CLANG_WARN_OBJC_ROOT_CLASS = YES_ERROR;
				CLANG_WARN_QUOTED_INCLUDE_IN_FRAMEWORK_HEADER = YES;
				CLANG_WARN_RANGE_LOOP_ANALYSIS = YES;
				CLANG_WARN_STRICT_PROTOTYPES = YES;
				CLANG_WARN_SUSPICIOUS_MOVE = YES;
				CLANG_WARN_UNGUARDED_AVAILABILITY = YES_AGGRESSIVE;
				CLANG_WARN_UNREACHABLE_CODE = YES;
				CLANG_WARN__DUPLICATE_METHOD_MATCH = YES;
				COPY_PHASE_STRIP = NO;
				DEBUG_INFORMATION_FORMAT = "dwarf-with-dsym";
				ENABLE_NS_ASSERTIONS = NO;
				ENABLE_STRICT_OBJC_MSGSEND = YES;
				ENABLE_USER_SCRIPT_SANDBOXING = YES;
				GCC_C_LANGUAGE_STANDARD = gnu17;
				GCC_NO_COMMON_BLOCKS = YES;
				GCC_WARN_64_TO_32_BIT_CONVERSION = YES;
				GCC_WARN_ABOUT_RETURN_TYPE = YES_ERROR;
				GCC_WARN_UNDECLARED_SELECTOR = YES;
				GCC_WARN_UNINITIALIZED_AUTOS = YES_AGGRESSIVE;
				GCC_WARN_UNUSED_FUNCTION = YES;
				GCC_WARN_UNUSED_VARIABLE = YES;
				INFOPLIST_KEY_NSLocalNetworkUsageDescription = "To search and join supported game sessions in the network";
				IPHONEOS_DEPLOYMENT_TARGET = 18.0;
				LOCALIZATION_PREFERS_STRING_CATALOGS = YES;
				MTL_ENABLE_DEBUG_INFO = NO;
				MTL_FAST_MATH = YES;
				SDKROOT = iphoneos;
				SWIFT_COMPILATION_MODE = wholemodule;
				VALIDATE_PRODUCT = YES;
			};
			name = Release;
		};
		202DA8042CBE75D3009932F5 /* Debug */ = {
			isa = XCBuildConfiguration;
			buildSettings = {
				BUNDLE_LOADER = "$(TEST_HOST)";
				CODE_SIGN_STYLE = Automatic;
				CURRENT_PROJECT_VERSION = 1;
				DEVELOPMENT_TEAM = STU45DAFT2;
				GENERATE_INFOPLIST_FILE = YES;
				IPHONEOS_DEPLOYMENT_TARGET = 18.0;
				MARKETING_VERSION = 1.0;
				PRODUCT_BUNDLE_IDENTIFIER = "com.minmac.criminal-crewTests";
				PRODUCT_NAME = "$(TARGET_NAME)";
				SWIFT_EMIT_LOC_STRINGS = NO;
				SWIFT_VERSION = 5.0;
				TARGETED_DEVICE_FAMILY = "1,2";
				TEST_HOST = "$(BUILT_PRODUCTS_DIR)/criminal crew.app/$(BUNDLE_EXECUTABLE_FOLDER_PATH)/criminal crew";
			};
			name = Debug;
		};
		202DA8052CBE75D3009932F5 /* Release */ = {
			isa = XCBuildConfiguration;
			buildSettings = {
				BUNDLE_LOADER = "$(TEST_HOST)";
				CODE_SIGN_STYLE = Automatic;
				CURRENT_PROJECT_VERSION = 1;
				DEVELOPMENT_TEAM = STU45DAFT2;
				GENERATE_INFOPLIST_FILE = YES;
				IPHONEOS_DEPLOYMENT_TARGET = 18.0;
				MARKETING_VERSION = 1.0;
				PRODUCT_BUNDLE_IDENTIFIER = "com.minmac.criminal-crewTests";
				PRODUCT_NAME = "$(TARGET_NAME)";
				SWIFT_EMIT_LOC_STRINGS = NO;
				SWIFT_VERSION = 5.0;
				TARGETED_DEVICE_FAMILY = "1,2";
				TEST_HOST = "$(BUILT_PRODUCTS_DIR)/criminal crew.app/$(BUNDLE_EXECUTABLE_FOLDER_PATH)/criminal crew";
			};
			name = Release;
		};
		202DA8072CBE75D3009932F5 /* Debug */ = {
			isa = XCBuildConfiguration;
			buildSettings = {
				CODE_SIGN_STYLE = Automatic;
				CURRENT_PROJECT_VERSION = 1;
				DEVELOPMENT_TEAM = 7ZGNG2S2A2;
				GENERATE_INFOPLIST_FILE = YES;
				MARKETING_VERSION = 1.0;
				PRODUCT_BUNDLE_IDENTIFIER = "com.minmac.criminal-crewUITests";
				PRODUCT_NAME = "$(TARGET_NAME)";
				SWIFT_EMIT_LOC_STRINGS = NO;
				SWIFT_VERSION = 5.0;
				TARGETED_DEVICE_FAMILY = "1,2";
				TEST_TARGET_NAME = "criminal crew";
			};
			name = Debug;
		};
		202DA8082CBE75D3009932F5 /* Release */ = {
			isa = XCBuildConfiguration;
			buildSettings = {
				CODE_SIGN_STYLE = Automatic;
				CURRENT_PROJECT_VERSION = 1;
				DEVELOPMENT_TEAM = 7ZGNG2S2A2;
				GENERATE_INFOPLIST_FILE = YES;
				MARKETING_VERSION = 1.0;
				PRODUCT_BUNDLE_IDENTIFIER = "com.minmac.criminal-crewUITests";
				PRODUCT_NAME = "$(TARGET_NAME)";
				SWIFT_EMIT_LOC_STRINGS = NO;
				SWIFT_VERSION = 5.0;
				TARGETED_DEVICE_FAMILY = "1,2";
				TEST_TARGET_NAME = "criminal crew";
			};
			name = Release;
		};
/* End XCBuildConfiguration section */

/* Begin XCConfigurationList section */
		202DA7D02CBE75D1009932F5 /* Build configuration list for PBXProject "criminal crew" */ = {
			isa = XCConfigurationList;
			buildConfigurations = (
				202DA8012CBE75D3009932F5 /* Debug */,
				202DA8022CBE75D3009932F5 /* Release */,
			);
			defaultConfigurationIsVisible = 0;
			defaultConfigurationName = Release;
		};
		202DA7FE2CBE75D3009932F5 /* Build configuration list for PBXNativeTarget "criminal crew" */ = {
			isa = XCConfigurationList;
			buildConfigurations = (
				202DA7FF2CBE75D3009932F5 /* Debug */,
				202DA8002CBE75D3009932F5 /* Release */,
			);
			defaultConfigurationIsVisible = 0;
			defaultConfigurationName = Release;
		};
		202DA8032CBE75D3009932F5 /* Build configuration list for PBXNativeTarget "criminal crewTests" */ = {
			isa = XCConfigurationList;
			buildConfigurations = (
				202DA8042CBE75D3009932F5 /* Debug */,
				202DA8052CBE75D3009932F5 /* Release */,
			);
			defaultConfigurationIsVisible = 0;
			defaultConfigurationName = Release;
		};
		202DA8062CBE75D3009932F5 /* Build configuration list for PBXNativeTarget "criminal crewUITests" */ = {
			isa = XCConfigurationList;
			buildConfigurations = (
				202DA8072CBE75D3009932F5 /* Debug */,
				202DA8082CBE75D3009932F5 /* Release */,
			);
			defaultConfigurationIsVisible = 0;
			defaultConfigurationName = Release;
		};
/* End XCConfigurationList section */

/* Begin XCRemoteSwiftPackageReference section */
		20F3C0B72CC0F64600D83F35 /* XCRemoteSwiftPackageReference "GamePantry" */ = {
			isa = XCRemoteSwiftPackageReference;
			repositoryURL = "https://github.com/Vinncz/GamePantry";
			requirement = {
				kind = upToNextMajorVersion;
				minimumVersion = 0.2.5;
			};
		};
/* End XCRemoteSwiftPackageReference section */

/* Begin XCSwiftPackageProductDependency section */
		202DA80A2CBE761D009932F5 /* GamePantry */ = {
			isa = XCSwiftPackageProductDependency;
			productName = GamePantry;
		};
		20F3C0B82CC0F64600D83F35 /* GamePantry */ = {
			isa = XCSwiftPackageProductDependency;
			package = 20F3C0B72CC0F64600D83F35 /* XCRemoteSwiftPackageReference "GamePantry" */;
			productName = GamePantry;
		};
/* End XCSwiftPackageProductDependency section */
	};
	rootObject = 202DA7CD2CBE75D1009932F5 /* Project object */;
}
